
Microsoft Visual Studio Solution File, Format Version 12.00
# Visual Studio 15
VisualStudioVersion = 15.0.28307.1231
MinimumVisualStudioVersion = 10.0.40219.1
Project("{FAE04EC0-301F-11D3-BF4B-00C04F79EFBC}") = "CnCTDRAMapEditor", "CnCTDRAMapEditor\CnCTDRAMapEditor.csproj", "{397CEF00-8930-4EC8-B15F-F7CF7193FB22}"
EndProject
Project("{FAE04EC0-301F-11D3-BF4B-00C04F79EFBC}") = "CCFileSystem", "CCFileSystem\CCFileSystem.csproj", "{925C0B51-E256-4A5C-8B01-F46AA90982D5}"
EndProject
Global
	GlobalSection(SolutionConfigurationPlatforms) = preSolution
		Debug|Any CPU = Debug|Any CPU
		Debug|x64 = Debug|x64
		Gold|Any CPU = Gold|Any CPU
		Gold|x64 = Gold|x64
		Release|Any CPU = Release|Any CPU
		Release|x64 = Release|x64
	EndGlobalSection
	GlobalSection(ProjectConfigurationPlatforms) = postSolution
		{397CEF00-8930-4EC8-B15F-F7CF7193FB22}.Debug|Any CPU.ActiveCfg = Debug|Any CPU
		{397CEF00-8930-4EC8-B15F-F7CF7193FB22}.Debug|Any CPU.Build.0 = Debug|Any CPU
		{397CEF00-8930-4EC8-B15F-F7CF7193FB22}.Debug|x64.ActiveCfg = Debug|x64
		{397CEF00-8930-4EC8-B15F-F7CF7193FB22}.Debug|x64.Build.0 = Debug|x64
		{397CEF00-8930-4EC8-B15F-F7CF7193FB22}.Gold|Any CPU.ActiveCfg = Gold|Any CPU
		{397CEF00-8930-4EC8-B15F-F7CF7193FB22}.Gold|Any CPU.Build.0 = Gold|Any CPU
		{397CEF00-8930-4EC8-B15F-F7CF7193FB22}.Gold|x64.ActiveCfg = Gold|x64
		{397CEF00-8930-4EC8-B15F-F7CF7193FB22}.Gold|x64.Build.0 = Gold|x64
		{397CEF00-8930-4EC8-B15F-F7CF7193FB22}.Release|Any CPU.ActiveCfg = Release|Any CPU
		{397CEF00-8930-4EC8-B15F-F7CF7193FB22}.Release|Any CPU.Build.0 = Release|Any CPU
		{397CEF00-8930-4EC8-B15F-F7CF7193FB22}.Release|x64.ActiveCfg = Release|x64
		{397CEF00-8930-4EC8-B15F-F7CF7193FB22}.Release|x64.Build.0 = Release|x64
		{925C0B51-E256-4A5C-8B01-F46AA90982D5}.Debug|Any CPU.ActiveCfg = Debug|Any CPU
		{925C0B51-E256-4A5C-8B01-F46AA90982D5}.Debug|Any CPU.Build.0 = Debug|Any CPU
		{925C0B51-E256-4A5C-8B01-F46AA90982D5}.Debug|x64.ActiveCfg = Debug|x64
		{925C0B51-E256-4A5C-8B01-F46AA90982D5}.Debug|x64.Build.0 = Debug|x64
		{925C0B51-E256-4A5C-8B01-F46AA90982D5}.Gold|Any CPU.ActiveCfg = Debug|Any CPU
		{925C0B51-E256-4A5C-8B01-F46AA90982D5}.Gold|Any CPU.Build.0 = Debug|Any CPU
		{925C0B51-E256-4A5C-8B01-F46AA90982D5}.Gold|x64.ActiveCfg = Debug|x64
		{925C0B51-E256-4A5C-8B01-F46AA90982D5}.Gold|x64.Build.0 = Debug|x64
		{925C0B51-E256-4A5C-8B01-F46AA90982D5}.Release|Any CPU.ActiveCfg = Release|Any CPU
		{925C0B51-E256-4A5C-8B01-F46AA90982D5}.Release|Any CPU.Build.0 = Release|Any CPU
		{925C0B51-E256-4A5C-8B01-F46AA90982D5}.Release|x64.ActiveCfg = Release|x64
		{925C0B51-E256-4A5C-8B01-F46AA90982D5}.Release|x64.Build.0 = Release|x64
	EndGlobalSection
	GlobalSection(SolutionProperties) = preSolution
		HideSolutionNode = FALSE
	EndGlobalSection
	GlobalSection(ExtensibilityGlobals) = postSolution
		SolutionGuid = {2DFE6443-4643-44FC-A972-2F0D139B45C0}
	EndGlobalSection
EndGlobal
